
Microsoft Visual Studio Solution File, Format Version 12.00
# Visual Studio 15
VisualStudioVersion = 15.0.28307.489
MinimumVisualStudioVersion = 10.0.40219.1
Project("{FAE04EC0-301F-11D3-BF4B-00C04F79EFBC}") = "google-search", "google-search\google-search.csproj", "{CA035063-B320-4D33-979E-F6E464EDCDE6}"
EndProject
Global
	GlobalSection(SolutionConfigurationPlatforms) = preSolution
		Debug|Any CPU = Debug|Any CPU
		Release|Any CPU = Release|Any CPU
	EndGlobalSection
	GlobalSection(ProjectConfigurationPlatforms) = postSolution
		{CA035063-B320-4D33-979E-F6E464EDCDE6}.Debug|Any CPU.ActiveCfg = Debug|Any CPU
		{CA035063-B320-4D33-979E-F6E464EDCDE6}.Debug|Any CPU.Build.0 = Debug|Any CPU
		{CA035063-B320-4D33-979E-F6E464EDCDE6}.Release|Any CPU.ActiveCfg = Release|Any CPU
		{CA035063-B320-4D33-979E-F6E464EDCDE6}.Release|Any CPU.Build.0 = Release|Any CPU
	EndGlobalSection
	GlobalSection(SolutionProperties) = preSolution
		HideSolutionNode = FALSE
	EndGlobalSection
	GlobalSection(ExtensibilityGlobals) = postSolution
		SolutionGuid = {72137E16-FBDB-46C5-A1CA-4471DCF828DD}
	EndGlobalSection
EndGlobal
